// !$*UTF8*$!
{
	archiveVersion = 1;
	classes = {
	};
	objectVersion = 46;
	objects = {

/* Begin PBXBuildFile section */
		350BF3E51746D87800EA4E24 /* AFHTTPClient.m in Sources */ = {isa = PBXBuildFile; fileRef = 350BF3D31746D87800EA4E24 /* AFHTTPClient.m */; };
		350BF3E61746D87800EA4E24 /* AFHTTPRequestOperation.m in Sources */ = {isa = PBXBuildFile; fileRef = 350BF3D51746D87800EA4E24 /* AFHTTPRequestOperation.m */; };
		350BF3E71746D87800EA4E24 /* AFImageRequestOperation.m in Sources */ = {isa = PBXBuildFile; fileRef = 350BF3D71746D87800EA4E24 /* AFImageRequestOperation.m */; };
		350BF3E81746D87800EA4E24 /* AFJSONRequestOperation.m in Sources */ = {isa = PBXBuildFile; fileRef = 350BF3D91746D87800EA4E24 /* AFJSONRequestOperation.m */; };
		350BF3E91746D87800EA4E24 /* AFNetworkActivityIndicatorManager.m in Sources */ = {isa = PBXBuildFile; fileRef = 350BF3DB1746D87800EA4E24 /* AFNetworkActivityIndicatorManager.m */; };
		350BF3EA1746D87800EA4E24 /* AFPropertyListRequestOperation.m in Sources */ = {isa = PBXBuildFile; fileRef = 350BF3DE1746D87800EA4E24 /* AFPropertyListRequestOperation.m */; };
		350BF3EB1746D87800EA4E24 /* AFURLConnectionOperation.m in Sources */ = {isa = PBXBuildFile; fileRef = 350BF3E01746D87800EA4E24 /* AFURLConnectionOperation.m */; };
		350BF3EC1746D87800EA4E24 /* AFXMLRequestOperation.m in Sources */ = {isa = PBXBuildFile; fileRef = 350BF3E21746D87800EA4E24 /* AFXMLRequestOperation.m */; };
		350BF3ED1746D87800EA4E24 /* UIImageView+AFNetworking.m in Sources */ = {isa = PBXBuildFile; fileRef = 350BF3E41746D87800EA4E24 /* UIImageView+AFNetworking.m */; };
		357351421740295E00CF7E72 /* EpisodesModel.m in Sources */ = {isa = PBXBuildFile; fileRef = 357351411740295E00CF7E72 /* EpisodesModel.m */; };
		3573514717403F3E00CF7E72 /* SourceModel.m in Sources */ = {isa = PBXBuildFile; fileRef = 3573514617403F3E00CF7E72 /* SourceModel.m */; };
		358881F91746756E00D858A2 /* uptobox.js in Resources */ = {isa = PBXBuildFile; fileRef = 35F60EC51745EBA000555779 /* uptobox.js */; };
		359B8D3F1640D0F9009F8851 /* EpisodesViewController.m in Sources */ = {isa = PBXBuildFile; fileRef = 359B8D3E1640D0F9009F8851 /* EpisodesViewController.m */; };
		359B8D451640D15E009F8851 /* EpisodeResultObject.m in Sources */ = {isa = PBXBuildFile; fileRef = 359B8D441640D15E009F8851 /* EpisodeResultObject.m */; };
		35A37B17173EF01300CFF796 /* SearchModel.m in Sources */ = {isa = PBXBuildFile; fileRef = 35A37B16173EF01300CFF796 /* SearchModel.m */; };
		35A5B6721653F4DA0065D723 /* view-background.png in Resources */ = {isa = PBXBuildFile; fileRef = 35A5B6701653F4DA0065D723 /* view-background.png */; };
		35A5B6731653F4DA0065D723 /* view-background@2x.png in Resources */ = {isa = PBXBuildFile; fileRef = 35A5B6711653F4DA0065D723 /* view-background@2x.png */; };
		35A5B6761653FBDF0065D723 /* cell-search-bg.png in Resources */ = {isa = PBXBuildFile; fileRef = 35A5B6741653FBDF0065D723 /* cell-search-bg.png */; };
		35A5B6771653FBDF0065D723 /* cell-search-bg@2x.png in Resources */ = {isa = PBXBuildFile; fileRef = 35A5B6751653FBDF0065D723 /* cell-search-bg@2x.png */; };
		35A5B67B165406670065D723 /* SearchCell.m in Sources */ = {isa = PBXBuildFile; fileRef = 35A5B67A165406670065D723 /* SearchCell.m */; };
		35A633DE1744650B0023131F /* UIWebView+JS.m in Sources */ = {isa = PBXBuildFile; fileRef = 35A633DD1744650B0023131F /* UIWebView+JS.m */; };
		35A633E117452E800023131F /* PlayerViewController.m in Sources */ = {isa = PBXBuildFile; fileRef = 35A633E017452E800023131F /* PlayerViewController.m */; };
		35A633E517452EAD0023131F /* CVSubtitleParser.m in Sources */ = {isa = PBXBuildFile; fileRef = 35A633E417452EAD0023131F /* CVSubtitleParser.m */; };
		35A633E8174533460023131F /* QuartzCore.framework in Frameworks */ = {isa = PBXBuildFile; fileRef = 35A633E6174533300023131F /* QuartzCore.framework */; };
		35AA12151740575D00845FA6 /* HostParserModel.m in Sources */ = {isa = PBXBuildFile; fileRef = 35AA12141740575D00845FA6 /* HostParserModel.m */; };
		35B803D0164230E30042DA17 /* SourcesViewController.m in Sources */ = {isa = PBXBuildFile; fileRef = 35B803CF164230E30042DA17 /* SourcesViewController.m */; };
		35B803D61642367F0042DA17 /* SourceResultObject.m in Sources */ = {isa = PBXBuildFile; fileRef = 35B803D51642367F0042DA17 /* SourceResultObject.m */; };
		35B803DE1642B2010042DA17 /* MediaPlayer.framework in Frameworks */ = {isa = PBXBuildFile; fileRef = 35B803DD1642B2010042DA17 /* MediaPlayer.framework */; };
		35F60EBF1745D56B00555779 /* SearchCell.xib in Resources */ = {isa = PBXBuildFile; fileRef = 35F60EB91745D56A00555779 /* SearchCell.xib */; };
		35F60EC01745D56B00555779 /* SourcesViewController.xib in Resources */ = {isa = PBXBuildFile; fileRef = 35F60EBB1745D56A00555779 /* SourcesViewController.xib */; };
		35F60EC11745D56B00555779 /* EpisodesViewController.xib in Resources */ = {isa = PBXBuildFile; fileRef = 35F60EBD1745D56B00555779 /* EpisodesViewController.xib */; };
		35F60EC21745D5A600555779 /* billionUploads.js in Resources */ = {isa = PBXBuildFile; fileRef = 35F60EB51745D52800555779 /* billionUploads.js */; };
		35F60EC31745D5A600555779 /* filebox.js in Resources */ = {isa = PBXBuildFile; fileRef = 35F60EB61745D52800555779 /* filebox.js */; };
		35F60EC41745D5A600555779 /* movreel.js in Resources */ = {isa = PBXBuildFile; fileRef = 35F60EB31745D51A00555779 /* movreel.js */; };
		35FF356016401C9C00A3C6DB /* UIKit.framework in Frameworks */ = {isa = PBXBuildFile; fileRef = 35FF355F16401C9C00A3C6DB /* UIKit.framework */; };
		35FF356216401C9C00A3C6DB /* Foundation.framework in Frameworks */ = {isa = PBXBuildFile; fileRef = 35FF356116401C9C00A3C6DB /* Foundation.framework */; };
		35FF356416401C9C00A3C6DB /* CoreGraphics.framework in Frameworks */ = {isa = PBXBuildFile; fileRef = 35FF356316401C9C00A3C6DB /* CoreGraphics.framework */; };
		35FF356A16401C9C00A3C6DB /* InfoPlist.strings in Resources */ = {isa = PBXBuildFile; fileRef = 35FF356816401C9C00A3C6DB /* InfoPlist.strings */; };
		35FF356C16401C9C00A3C6DB /* main.m in Sources */ = {isa = PBXBuildFile; fileRef = 35FF356B16401C9C00A3C6DB /* main.m */; };
		35FF357016401C9C00A3C6DB /* AppDelegate.m in Sources */ = {isa = PBXBuildFile; fileRef = 35FF356F16401C9C00A3C6DB /* AppDelegate.m */; };
		35FF357916401C9C00A3C6DB /* SearchViewController.m in Sources */ = {isa = PBXBuildFile; fileRef = 35FF357816401C9C00A3C6DB /* SearchViewController.m */; };
		35FF357C16401C9C00A3C6DB /* SearchViewController.xib in Resources */ = {isa = PBXBuildFile; fileRef = 35FF357A16401C9C00A3C6DB /* SearchViewController.xib */; };
		35FF35C216401F0900A3C6DB /* NSObject+SBJson.m in Sources */ = {isa = PBXBuildFile; fileRef = 35FF35AA16401F0900A3C6DB /* NSObject+SBJson.m */; };
		35FF35C316401F0900A3C6DB /* SBJsonParser.m in Sources */ = {isa = PBXBuildFile; fileRef = 35FF35AD16401F0900A3C6DB /* SBJsonParser.m */; };
		35FF35C416401F0900A3C6DB /* SBJsonStreamParser.m in Sources */ = {isa = PBXBuildFile; fileRef = 35FF35AF16401F0900A3C6DB /* SBJsonStreamParser.m */; };
		35FF35C516401F0900A3C6DB /* SBJsonStreamParserAccumulator.m in Sources */ = {isa = PBXBuildFile; fileRef = 35FF35B116401F0900A3C6DB /* SBJsonStreamParserAccumulator.m */; };
		35FF35C616401F0900A3C6DB /* SBJsonStreamParserAdapter.m in Sources */ = {isa = PBXBuildFile; fileRef = 35FF35B316401F0900A3C6DB /* SBJsonStreamParserAdapter.m */; };
		35FF35C716401F0900A3C6DB /* SBJsonStreamParserState.m in Sources */ = {isa = PBXBuildFile; fileRef = 35FF35B516401F0900A3C6DB /* SBJsonStreamParserState.m */; };
		35FF35C816401F0900A3C6DB /* SBJsonStreamWriter.m in Sources */ = {isa = PBXBuildFile; fileRef = 35FF35B716401F0900A3C6DB /* SBJsonStreamWriter.m */; };
		35FF35C916401F0900A3C6DB /* SBJsonStreamWriterAccumulator.m in Sources */ = {isa = PBXBuildFile; fileRef = 35FF35B916401F0900A3C6DB /* SBJsonStreamWriterAccumulator.m */; };
		35FF35CA16401F0900A3C6DB /* SBJsonStreamWriterState.m in Sources */ = {isa = PBXBuildFile; fileRef = 35FF35BB16401F0900A3C6DB /* SBJsonStreamWriterState.m */; };
		35FF35CB16401F0900A3C6DB /* SBJsonTokeniser.m in Sources */ = {isa = PBXBuildFile; fileRef = 35FF35BD16401F0900A3C6DB /* SBJsonTokeniser.m */; };
		35FF35CC16401F0900A3C6DB /* SBJsonUTF8Stream.m in Sources */ = {isa = PBXBuildFile; fileRef = 35FF35BF16401F0900A3C6DB /* SBJsonUTF8Stream.m */; };
		35FF35CD16401F0900A3C6DB /* SBJsonWriter.m in Sources */ = {isa = PBXBuildFile; fileRef = 35FF35C116401F0900A3C6DB /* SBJsonWriter.m */; };
		35FF35E0164027F600A3C6DB /* SearchResultObject.m in Sources */ = {isa = PBXBuildFile; fileRef = 35FF35DF164027F600A3C6DB /* SearchResultObject.m */; };
/* End PBXBuildFile section */

/* Begin PBXFileReference section */
		350BF3D21746D87800EA4E24 /* AFHTTPClient.h */ = {isa = PBXFileReference; fileEncoding = 4; lastKnownFileType = sourcecode.c.h; path = AFHTTPClient.h; sourceTree = "<group>"; };
		350BF3D31746D87800EA4E24 /* AFHTTPClient.m */ = {isa = PBXFileReference; fileEncoding = 4; lastKnownFileType = sourcecode.c.objc; path = AFHTTPClient.m; sourceTree = "<group>"; };
		350BF3D41746D87800EA4E24 /* AFHTTPRequestOperation.h */ = {isa = PBXFileReference; fileEncoding = 4; lastKnownFileType = sourcecode.c.h; path = AFHTTPRequestOperation.h; sourceTree = "<group>"; };
		350BF3D51746D87800EA4E24 /* AFHTTPRequestOperation.m */ = {isa = PBXFileReference; fileEncoding = 4; lastKnownFileType = sourcecode.c.objc; path = AFHTTPRequestOperation.m; sourceTree = "<group>"; };
		350BF3D61746D87800EA4E24 /* AFImageRequestOperation.h */ = {isa = PBXFileReference; fileEncoding = 4; lastKnownFileType = sourcecode.c.h; path = AFImageRequestOperation.h; sourceTree = "<group>"; };
		350BF3D71746D87800EA4E24 /* AFImageRequestOperation.m */ = {isa = PBXFileReference; fileEncoding = 4; lastKnownFileType = sourcecode.c.objc; path = AFImageRequestOperation.m; sourceTree = "<group>"; };
		350BF3D81746D87800EA4E24 /* AFJSONRequestOperation.h */ = {isa = PBXFileReference; fileEncoding = 4; lastKnownFileType = sourcecode.c.h; path = AFJSONRequestOperation.h; sourceTree = "<group>"; };
		350BF3D91746D87800EA4E24 /* AFJSONRequestOperation.m */ = {isa = PBXFileReference; fileEncoding = 4; lastKnownFileType = sourcecode.c.objc; path = AFJSONRequestOperation.m; sourceTree = "<group>"; };
		350BF3DA1746D87800EA4E24 /* AFNetworkActivityIndicatorManager.h */ = {isa = PBXFileReference; fileEncoding = 4; lastKnownFileType = sourcecode.c.h; path = AFNetworkActivityIndicatorManager.h; sourceTree = "<group>"; };
		350BF3DB1746D87800EA4E24 /* AFNetworkActivityIndicatorManager.m */ = {isa = PBXFileReference; fileEncoding = 4; lastKnownFileType = sourcecode.c.objc; path = AFNetworkActivityIndicatorManager.m; sourceTree = "<group>"; };
		350BF3DC1746D87800EA4E24 /* AFNetworking.h */ = {isa = PBXFileReference; fileEncoding = 4; lastKnownFileType = sourcecode.c.h; path = AFNetworking.h; sourceTree = "<group>"; };
		350BF3DD1746D87800EA4E24 /* AFPropertyListRequestOperation.h */ = {isa = PBXFileReference; fileEncoding = 4; lastKnownFileType = sourcecode.c.h; path = AFPropertyListRequestOperation.h; sourceTree = "<group>"; };
		350BF3DE1746D87800EA4E24 /* AFPropertyListRequestOperation.m */ = {isa = PBXFileReference; fileEncoding = 4; lastKnownFileType = sourcecode.c.objc; path = AFPropertyListRequestOperation.m; sourceTree = "<group>"; };
		350BF3DF1746D87800EA4E24 /* AFURLConnectionOperation.h */ = {isa = PBXFileReference; fileEncoding = 4; lastKnownFileType = sourcecode.c.h; path = AFURLConnectionOperation.h; sourceTree = "<group>"; };
		350BF3E01746D87800EA4E24 /* AFURLConnectionOperation.m */ = {isa = PBXFileReference; fileEncoding = 4; lastKnownFileType = sourcecode.c.objc; path = AFURLConnectionOperation.m; sourceTree = "<group>"; };
		350BF3E11746D87800EA4E24 /* AFXMLRequestOperation.h */ = {isa = PBXFileReference; fileEncoding = 4; lastKnownFileType = sourcecode.c.h; path = AFXMLRequestOperation.h; sourceTree = "<group>"; };
		350BF3E21746D87800EA4E24 /* AFXMLRequestOperation.m */ = {isa = PBXFileReference; fileEncoding = 4; lastKnownFileType = sourcecode.c.objc; path = AFXMLRequestOperation.m; sourceTree = "<group>"; };
		350BF3E31746D87800EA4E24 /* UIImageView+AFNetworking.h */ = {isa = PBXFileReference; fileEncoding = 4; lastKnownFileType = sourcecode.c.h; path = "UIImageView+AFNetworking.h"; sourceTree = "<group>"; };
		350BF3E41746D87800EA4E24 /* UIImageView+AFNetworking.m */ = {isa = PBXFileReference; fileEncoding = 4; lastKnownFileType = sourcecode.c.objc; path = "UIImageView+AFNetworking.m"; sourceTree = "<group>"; };
		357351401740295E00CF7E72 /* EpisodesModel.h */ = {isa = PBXFileReference; fileEncoding = 4; lastKnownFileType = sourcecode.c.h; path = EpisodesModel.h; sourceTree = "<group>"; };
		357351411740295E00CF7E72 /* EpisodesModel.m */ = {isa = PBXFileReference; fileEncoding = 4; lastKnownFileType = sourcecode.c.objc; path = EpisodesModel.m; sourceTree = "<group>"; };
		3573514317402B1300CF7E72 /* CuevanaConstants.h */ = {isa = PBXFileReference; fileEncoding = 4; lastKnownFileType = sourcecode.c.h; path = CuevanaConstants.h; sourceTree = "<group>"; };
		3573514517403F3E00CF7E72 /* SourceModel.h */ = {isa = PBXFileReference; fileEncoding = 4; lastKnownFileType = sourcecode.c.h; path = SourceModel.h; sourceTree = "<group>"; };
		3573514617403F3E00CF7E72 /* SourceModel.m */ = {isa = PBXFileReference; fileEncoding = 4; lastKnownFileType = sourcecode.c.objc; path = SourceModel.m; sourceTree = "<group>"; };
		359B8D3D1640D0F9009F8851 /* EpisodesViewController.h */ = {isa = PBXFileReference; fileEncoding = 4; lastKnownFileType = sourcecode.c.h; path = EpisodesViewController.h; sourceTree = "<group>"; };
		359B8D3E1640D0F9009F8851 /* EpisodesViewController.m */ = {isa = PBXFileReference; fileEncoding = 4; lastKnownFileType = sourcecode.c.objc; path = EpisodesViewController.m; sourceTree = "<group>"; };
		359B8D431640D15E009F8851 /* EpisodeResultObject.h */ = {isa = PBXFileReference; fileEncoding = 4; lastKnownFileType = sourcecode.c.h; path = EpisodeResultObject.h; sourceTree = "<group>"; };
		359B8D441640D15E009F8851 /* EpisodeResultObject.m */ = {isa = PBXFileReference; fileEncoding = 4; lastKnownFileType = sourcecode.c.objc; path = EpisodeResultObject.m; sourceTree = "<group>"; };
		35A37B15173EF01300CFF796 /* SearchModel.h */ = {isa = PBXFileReference; fileEncoding = 4; lastKnownFileType = sourcecode.c.h; path = SearchModel.h; sourceTree = "<group>"; };
		35A37B16173EF01300CFF796 /* SearchModel.m */ = {isa = PBXFileReference; fileEncoding = 4; lastKnownFileType = sourcecode.c.objc; path = SearchModel.m; sourceTree = "<group>"; };
		35A5B6701653F4DA0065D723 /* view-background.png */ = {isa = PBXFileReference; lastKnownFileType = image.png; path = "view-background.png"; sourceTree = "<group>"; };
		35A5B6711653F4DA0065D723 /* view-background@2x.png */ = {isa = PBXFileReference; lastKnownFileType = image.png; path = "view-background@2x.png"; sourceTree = "<group>"; };
		35A5B6741653FBDF0065D723 /* cell-search-bg.png */ = {isa = PBXFileReference; lastKnownFileType = image.png; path = "cell-search-bg.png"; sourceTree = "<group>"; };
		35A5B6751653FBDF0065D723 /* cell-search-bg@2x.png */ = {isa = PBXFileReference; lastKnownFileType = image.png; path = "cell-search-bg@2x.png"; sourceTree = "<group>"; };
		35A5B679165406670065D723 /* SearchCell.h */ = {isa = PBXFileReference; fileEncoding = 4; lastKnownFileType = sourcecode.c.h; path = SearchCell.h; sourceTree = "<group>"; };
		35A5B67A165406670065D723 /* SearchCell.m */ = {isa = PBXFileReference; fileEncoding = 4; lastKnownFileType = sourcecode.c.objc; path = SearchCell.m; sourceTree = "<group>"; };
		35A633DC1744650B0023131F /* UIWebView+JS.h */ = {isa = PBXFileReference; fileEncoding = 4; lastKnownFileType = sourcecode.c.h; path = "UIWebView+JS.h"; sourceTree = "<group>"; };
		35A633DD1744650B0023131F /* UIWebView+JS.m */ = {isa = PBXFileReference; fileEncoding = 4; lastKnownFileType = sourcecode.c.objc; path = "UIWebView+JS.m"; sourceTree = "<group>"; };
		35A633DF17452E800023131F /* PlayerViewController.h */ = {isa = PBXFileReference; fileEncoding = 4; lastKnownFileType = sourcecode.c.h; path = PlayerViewController.h; sourceTree = "<group>"; };
		35A633E017452E800023131F /* PlayerViewController.m */ = {isa = PBXFileReference; fileEncoding = 4; lastKnownFileType = sourcecode.c.objc; path = PlayerViewController.m; sourceTree = "<group>"; };
		35A633E317452EAD0023131F /* CVSubtitleParser.h */ = {isa = PBXFileReference; fileEncoding = 4; lastKnownFileType = sourcecode.c.h; path = CVSubtitleParser.h; sourceTree = "<group>"; };
		35A633E417452EAD0023131F /* CVSubtitleParser.m */ = {isa = PBXFileReference; fileEncoding = 4; lastKnownFileType = sourcecode.c.objc; path = CVSubtitleParser.m; sourceTree = "<group>"; };
		35A633E6174533300023131F /* QuartzCore.framework */ = {isa = PBXFileReference; lastKnownFileType = wrapper.framework; name = QuartzCore.framework; path = System/Library/Frameworks/QuartzCore.framework; sourceTree = SDKROOT; };
		35AA12131740575D00845FA6 /* HostParserModel.h */ = {isa = PBXFileReference; fileEncoding = 4; lastKnownFileType = sourcecode.c.h; path = HostParserModel.h; sourceTree = "<group>"; };
		35AA12141740575D00845FA6 /* HostParserModel.m */ = {isa = PBXFileReference; fileEncoding = 4; lastKnownFileType = sourcecode.c.objc; path = HostParserModel.m; sourceTree = "<group>"; };
		35B803CE164230E30042DA17 /* SourcesViewController.h */ = {isa = PBXFileReference; fileEncoding = 4; lastKnownFileType = sourcecode.c.h; path = SourcesViewController.h; sourceTree = "<group>"; };
		35B803CF164230E30042DA17 /* SourcesViewController.m */ = {isa = PBXFileReference; fileEncoding = 4; lastKnownFileType = sourcecode.c.objc; path = SourcesViewController.m; sourceTree = "<group>"; };
		35B803D41642367F0042DA17 /* SourceResultObject.h */ = {isa = PBXFileReference; fileEncoding = 4; lastKnownFileType = sourcecode.c.h; path = SourceResultObject.h; sourceTree = "<group>"; };
		35B803D51642367F0042DA17 /* SourceResultObject.m */ = {isa = PBXFileReference; fileEncoding = 4; lastKnownFileType = sourcecode.c.objc; path = SourceResultObject.m; sourceTree = "<group>"; };
		35B803DD1642B2010042DA17 /* MediaPlayer.framework */ = {isa = PBXFileReference; lastKnownFileType = wrapper.framework; name = MediaPlayer.framework; path = System/Library/Frameworks/MediaPlayer.framework; sourceTree = SDKROOT; };
		35F60EB31745D51A00555779 /* movreel.js */ = {isa = PBXFileReference; fileEncoding = 4; lastKnownFileType = sourcecode.javascript; name = movreel.js; path = Parsers/movreel.js; sourceTree = "<group>"; };
		35F60EB51745D52800555779 /* billionUploads.js */ = {isa = PBXFileReference; fileEncoding = 4; lastKnownFileType = sourcecode.javascript; name = billionUploads.js; path = Parsers/billionUploads.js; sourceTree = "<group>"; };
		35F60EB61745D52800555779 /* filebox.js */ = {isa = PBXFileReference; fileEncoding = 4; lastKnownFileType = sourcecode.javascript; name = filebox.js; path = Parsers/filebox.js; sourceTree = "<group>"; };
		35F60EBA1745D56A00555779 /* en */ = {isa = PBXFileReference; lastKnownFileType = file.xib; name = en; path = en.lproj/SearchCell.xib; sourceTree = "<group>"; };
		35F60EBC1745D56B00555779 /* en */ = {isa = PBXFileReference; lastKnownFileType = file.xib; name = en; path = en.lproj/SourcesViewController.xib; sourceTree = "<group>"; };
		35F60EBE1745D56B00555779 /* en */ = {isa = PBXFileReference; lastKnownFileType = file.xib; name = en; path = en.lproj/EpisodesViewController.xib; sourceTree = "<group>"; };
		35F60EC51745EBA000555779 /* uptobox.js */ = {isa = PBXFileReference; fileEncoding = 4; lastKnownFileType = sourcecode.javascript; name = uptobox.js; path = Parsers/uptobox.js; sourceTree = "<group>"; };
		35FF355B16401C9C00A3C6DB /* Cuevana.app */ = {isa = PBXFileReference; explicitFileType = wrapper.application; includeInIndex = 0; path = Cuevana.app; sourceTree = BUILT_PRODUCTS_DIR; };
		35FF355F16401C9C00A3C6DB /* UIKit.framework */ = {isa = PBXFileReference; lastKnownFileType = wrapper.framework; name = UIKit.framework; path = System/Library/Frameworks/UIKit.framework; sourceTree = SDKROOT; };
		35FF356116401C9C00A3C6DB /* Foundation.framework */ = {isa = PBXFileReference; lastKnownFileType = wrapper.framework; name = Foundation.framework; path = System/Library/Frameworks/Foundation.framework; sourceTree = SDKROOT; };
		35FF356316401C9C00A3C6DB /* CoreGraphics.framework */ = {isa = PBXFileReference; lastKnownFileType = wrapper.framework; name = CoreGraphics.framework; path = System/Library/Frameworks/CoreGraphics.framework; sourceTree = SDKROOT; };
		35FF356716401C9C00A3C6DB /* Cuevana-Info.plist */ = {isa = PBXFileReference; lastKnownFileType = text.plist.xml; path = "Cuevana-Info.plist"; sourceTree = "<group>"; };
		35FF356916401C9C00A3C6DB /* en */ = {isa = PBXFileReference; lastKnownFileType = text.plist.strings; name = en; path = en.lproj/InfoPlist.strings; sourceTree = "<group>"; };
		35FF356B16401C9C00A3C6DB /* main.m */ = {isa = PBXFileReference; lastKnownFileType = sourcecode.c.objc; path = main.m; sourceTree = "<group>"; };
		35FF356D16401C9C00A3C6DB /* Cuevana-Prefix.pch */ = {isa = PBXFileReference; lastKnownFileType = sourcecode.c.h; path = "Cuevana-Prefix.pch"; sourceTree = "<group>"; };
		35FF356E16401C9C00A3C6DB /* AppDelegate.h */ = {isa = PBXFileReference; lastKnownFileType = sourcecode.c.h; path = AppDelegate.h; sourceTree = "<group>"; };
		35FF356F16401C9C00A3C6DB /* AppDelegate.m */ = {isa = PBXFileReference; lastKnownFileType = sourcecode.c.objc; path = AppDelegate.m; sourceTree = "<group>"; };
		35FF357716401C9C00A3C6DB /* SearchViewController.h */ = {isa = PBXFileReference; lastKnownFileType = sourcecode.c.h; path = SearchViewController.h; sourceTree = "<group>"; };
		35FF357816401C9C00A3C6DB /* SearchViewController.m */ = {isa = PBXFileReference; lastKnownFileType = sourcecode.c.objc; path = SearchViewController.m; sourceTree = "<group>"; };
		35FF357B16401C9C00A3C6DB /* en */ = {isa = PBXFileReference; lastKnownFileType = file.xib; name = en; path = en.lproj/SearchViewController.xib; sourceTree = "<group>"; };
		35FF35A916401F0900A3C6DB /* NSObject+SBJson.h */ = {isa = PBXFileReference; fileEncoding = 4; lastKnownFileType = sourcecode.c.h; path = "NSObject+SBJson.h"; sourceTree = "<group>"; };
		35FF35AA16401F0900A3C6DB /* NSObject+SBJson.m */ = {isa = PBXFileReference; fileEncoding = 4; lastKnownFileType = sourcecode.c.objc; path = "NSObject+SBJson.m"; sourceTree = "<group>"; };
		35FF35AB16401F0900A3C6DB /* SBJson.h */ = {isa = PBXFileReference; fileEncoding = 4; lastKnownFileType = sourcecode.c.h; path = SBJson.h; sourceTree = "<group>"; };
		35FF35AC16401F0900A3C6DB /* SBJsonParser.h */ = {isa = PBXFileReference; fileEncoding = 4; lastKnownFileType = sourcecode.c.h; path = SBJsonParser.h; sourceTree = "<group>"; };
		35FF35AD16401F0900A3C6DB /* SBJsonParser.m */ = {isa = PBXFileReference; fileEncoding = 4; lastKnownFileType = sourcecode.c.objc; path = SBJsonParser.m; sourceTree = "<group>"; };
		35FF35AE16401F0900A3C6DB /* SBJsonStreamParser.h */ = {isa = PBXFileReference; fileEncoding = 4; lastKnownFileType = sourcecode.c.h; path = SBJsonStreamParser.h; sourceTree = "<group>"; };
		35FF35AF16401F0900A3C6DB /* SBJsonStreamParser.m */ = {isa = PBXFileReference; fileEncoding = 4; lastKnownFileType = sourcecode.c.objc; path = SBJsonStreamParser.m; sourceTree = "<group>"; };
		35FF35B016401F0900A3C6DB /* SBJsonStreamParserAccumulator.h */ = {isa = PBXFileReference; fileEncoding = 4; lastKnownFileType = sourcecode.c.h; path = SBJsonStreamParserAccumulator.h; sourceTree = "<group>"; };
		35FF35B116401F0900A3C6DB /* SBJsonStreamParserAccumulator.m */ = {isa = PBXFileReference; fileEncoding = 4; lastKnownFileType = sourcecode.c.objc; path = SBJsonStreamParserAccumulator.m; sourceTree = "<group>"; };
		35FF35B216401F0900A3C6DB /* SBJsonStreamParserAdapter.h */ = {isa = PBXFileReference; fileEncoding = 4; lastKnownFileType = sourcecode.c.h; path = SBJsonStreamParserAdapter.h; sourceTree = "<group>"; };
		35FF35B316401F0900A3C6DB /* SBJsonStreamParserAdapter.m */ = {isa = PBXFileReference; fileEncoding = 4; lastKnownFileType = sourcecode.c.objc; path = SBJsonStreamParserAdapter.m; sourceTree = "<group>"; };
		35FF35B416401F0900A3C6DB /* SBJsonStreamParserState.h */ = {isa = PBXFileReference; fileEncoding = 4; lastKnownFileType = sourcecode.c.h; path = SBJsonStreamParserState.h; sourceTree = "<group>"; };
		35FF35B516401F0900A3C6DB /* SBJsonStreamParserState.m */ = {isa = PBXFileReference; fileEncoding = 4; lastKnownFileType = sourcecode.c.objc; path = SBJsonStreamParserState.m; sourceTree = "<group>"; };
		35FF35B616401F0900A3C6DB /* SBJsonStreamWriter.h */ = {isa = PBXFileReference; fileEncoding = 4; lastKnownFileType = sourcecode.c.h; path = SBJsonStreamWriter.h; sourceTree = "<group>"; };
		35FF35B716401F0900A3C6DB /* SBJsonStreamWriter.m */ = {isa = PBXFileReference; fileEncoding = 4; lastKnownFileType = sourcecode.c.objc; path = SBJsonStreamWriter.m; sourceTree = "<group>"; };
		35FF35B816401F0900A3C6DB /* SBJsonStreamWriterAccumulator.h */ = {isa = PBXFileReference; fileEncoding = 4; lastKnownFileType = sourcecode.c.h; path = SBJsonStreamWriterAccumulator.h; sourceTree = "<group>"; };
		35FF35B916401F0900A3C6DB /* SBJsonStreamWriterAccumulator.m */ = {isa = PBXFileReference; fileEncoding = 4; lastKnownFileType = sourcecode.c.objc; path = SBJsonStreamWriterAccumulator.m; sourceTree = "<group>"; };
		35FF35BA16401F0900A3C6DB /* SBJsonStreamWriterState.h */ = {isa = PBXFileReference; fileEncoding = 4; lastKnownFileType = sourcecode.c.h; path = SBJsonStreamWriterState.h; sourceTree = "<group>"; };
		35FF35BB16401F0900A3C6DB /* SBJsonStreamWriterState.m */ = {isa = PBXFileReference; fileEncoding = 4; lastKnownFileType = sourcecode.c.objc; path = SBJsonStreamWriterState.m; sourceTree = "<group>"; };
		35FF35BC16401F0900A3C6DB /* SBJsonTokeniser.h */ = {isa = PBXFileReference; fileEncoding = 4; lastKnownFileType = sourcecode.c.h; path = SBJsonTokeniser.h; sourceTree = "<group>"; };
		35FF35BD16401F0900A3C6DB /* SBJsonTokeniser.m */ = {isa = PBXFileReference; fileEncoding = 4; lastKnownFileType = sourcecode.c.objc; path = SBJsonTokeniser.m; sourceTree = "<group>"; };
		35FF35BE16401F0900A3C6DB /* SBJsonUTF8Stream.h */ = {isa = PBXFileReference; fileEncoding = 4; lastKnownFileType = sourcecode.c.h; path = SBJsonUTF8Stream.h; sourceTree = "<group>"; };
		35FF35BF16401F0900A3C6DB /* SBJsonUTF8Stream.m */ = {isa = PBXFileReference; fileEncoding = 4; lastKnownFileType = sourcecode.c.objc; path = SBJsonUTF8Stream.m; sourceTree = "<group>"; };
		35FF35C016401F0900A3C6DB /* SBJsonWriter.h */ = {isa = PBXFileReference; fileEncoding = 4; lastKnownFileType = sourcecode.c.h; path = SBJsonWriter.h; sourceTree = "<group>"; };
		35FF35C116401F0900A3C6DB /* SBJsonWriter.m */ = {isa = PBXFileReference; fileEncoding = 4; lastKnownFileType = sourcecode.c.objc; path = SBJsonWriter.m; sourceTree = "<group>"; };
		35FF35DE164027F600A3C6DB /* SearchResultObject.h */ = {isa = PBXFileReference; fileEncoding = 4; lastKnownFileType = sourcecode.c.h; path = SearchResultObject.h; sourceTree = "<group>"; };
		35FF35DF164027F600A3C6DB /* SearchResultObject.m */ = {isa = PBXFileReference; fileEncoding = 4; lastKnownFileType = sourcecode.c.objc; path = SearchResultObject.m; sourceTree = "<group>"; };
/* End PBXFileReference section */

/* Begin PBXFrameworksBuildPhase section */
		35FF355816401C9C00A3C6DB /* Frameworks */ = {
			isa = PBXFrameworksBuildPhase;
			buildActionMask = 2147483647;
			files = (
				35A633E8174533460023131F /* QuartzCore.framework in Frameworks */,
				35B803DE1642B2010042DA17 /* MediaPlayer.framework in Frameworks */,
				35FF356016401C9C00A3C6DB /* UIKit.framework in Frameworks */,
				35FF356216401C9C00A3C6DB /* Foundation.framework in Frameworks */,
				35FF356416401C9C00A3C6DB /* CoreGraphics.framework in Frameworks */,
			);
			runOnlyForDeploymentPostprocessing = 0;
		};
/* End PBXFrameworksBuildPhase section */

/* Begin PBXGroup section */
		350BF3D11746D87800EA4E24 /* AFNetworking */ = {
			isa = PBXGroup;
			children = (
				350BF3D21746D87800EA4E24 /* AFHTTPClient.h */,
				350BF3D31746D87800EA4E24 /* AFHTTPClient.m */,
				350BF3D41746D87800EA4E24 /* AFHTTPRequestOperation.h */,
				350BF3D51746D87800EA4E24 /* AFHTTPRequestOperation.m */,
				350BF3D61746D87800EA4E24 /* AFImageRequestOperation.h */,
				350BF3D71746D87800EA4E24 /* AFImageRequestOperation.m */,
				350BF3D81746D87800EA4E24 /* AFJSONRequestOperation.h */,
				350BF3D91746D87800EA4E24 /* AFJSONRequestOperation.m */,
				350BF3DA1746D87800EA4E24 /* AFNetworkActivityIndicatorManager.h */,
				350BF3DB1746D87800EA4E24 /* AFNetworkActivityIndicatorManager.m */,
				350BF3DC1746D87800EA4E24 /* AFNetworking.h */,
				350BF3DD1746D87800EA4E24 /* AFPropertyListRequestOperation.h */,
				350BF3DE1746D87800EA4E24 /* AFPropertyListRequestOperation.m */,
				350BF3DF1746D87800EA4E24 /* AFURLConnectionOperation.h */,
				350BF3E01746D87800EA4E24 /* AFURLConnectionOperation.m */,
				350BF3E11746D87800EA4E24 /* AFXMLRequestOperation.h */,
				350BF3E21746D87800EA4E24 /* AFXMLRequestOperation.m */,
				350BF3E31746D87800EA4E24 /* UIImageView+AFNetworking.h */,
				350BF3E41746D87800EA4E24 /* UIImageView+AFNetworking.m */,
			);
			name = AFNetworking;
			path = AFNetworking/AFNetworking;
			sourceTree = "<group>";
		};
		3510114C174028D100C97622 /* Episodes */ = {
			isa = PBXGroup;
			children = (
				359B8D3D1640D0F9009F8851 /* EpisodesViewController.h */,
				359B8D3E1640D0F9009F8851 /* EpisodesViewController.m */,
				35F60EBD1745D56B00555779 /* EpisodesViewController.xib */,
				357351401740295E00CF7E72 /* EpisodesModel.h */,
				357351411740295E00CF7E72 /* EpisodesModel.m */,
				359B8D431640D15E009F8851 /* EpisodeResultObject.h */,
				359B8D441640D15E009F8851 /* EpisodeResultObject.m */,
			);
			name = Episodes;
			sourceTree = "<group>";
		};
		35735144174037CE00CF7E72 /* Sources */ = {
			isa = PBXGroup;
			children = (
				35B803D41642367F0042DA17 /* SourceResultObject.h */,
				35B803D51642367F0042DA17 /* SourceResultObject.m */,
				35B803CE164230E30042DA17 /* SourcesViewController.h */,
				35B803CF164230E30042DA17 /* SourcesViewController.m */,
				35F60EBB1745D56A00555779 /* SourcesViewController.xib */,
				3573514517403F3E00CF7E72 /* SourceModel.h */,
				3573514617403F3E00CF7E72 /* SourceModel.m */,
			);
			name = Sources;
			sourceTree = "<group>";
		};
		35A5B66A1653F1360065D723 /* Resources */ = {
			isa = PBXGroup;
			children = (
				35A5B6741653FBDF0065D723 /* cell-search-bg.png */,
				35A5B6751653FBDF0065D723 /* cell-search-bg@2x.png */,
				35A5B6701653F4DA0065D723 /* view-background.png */,
				35A5B6711653F4DA0065D723 /* view-background@2x.png */,
			);
			path = Resources;
			sourceTree = "<group>";
		};
		35A5B66F1653F1430065D723 /* ViewControllers */ = {
			isa = PBXGroup;
			children = (
				35AA12121740573B00845FA6 /* Parser */,
				35A5B678165403D40065D723 /* Search */,
				3510114C174028D100C97622 /* Episodes */,
				35735144174037CE00CF7E72 /* Sources */,
				35A633E217452E890023131F /* Player */,
			);
			name = ViewControllers;
			sourceTree = "<group>";
		};
		35A5B678165403D40065D723 /* Search */ = {
			isa = PBXGroup;
			children = (
				35FF35DE164027F600A3C6DB /* SearchResultObject.h */,
				35FF35DF164027F600A3C6DB /* SearchResultObject.m */,
				35A37B15173EF01300CFF796 /* SearchModel.h */,
				35A37B16173EF01300CFF796 /* SearchModel.m */,
				35FF357716401C9C00A3C6DB /* SearchViewController.h */,
				35FF357816401C9C00A3C6DB /* SearchViewController.m */,
				35FF357A16401C9C00A3C6DB /* SearchViewController.xib */,
				35A5B679165406670065D723 /* SearchCell.h */,
				35A5B67A165406670065D723 /* SearchCell.m */,
				35F60EB91745D56A00555779 /* SearchCell.xib */,
			);
			name = Search;
			sourceTree = "<group>";
		};
		35A633E217452E890023131F /* Player */ = {
			isa = PBXGroup;
			children = (
				35A633E317452EAD0023131F /* CVSubtitleParser.h */,
				35A633E417452EAD0023131F /* CVSubtitleParser.m */,
				35A633DF17452E800023131F /* PlayerViewController.h */,
				35A633E017452E800023131F /* PlayerViewController.m */,
			);
			name = Player;
			sourceTree = "<group>";
		};
		35AA12121740573B00845FA6 /* Parser */ = {
			isa = PBXGroup;
			children = (
				35F60EC51745EBA000555779 /* uptobox.js */,
				35F60EB51745D52800555779 /* billionUploads.js */,
				35F60EB61745D52800555779 /* filebox.js */,
				35F60EB31745D51A00555779 /* movreel.js */,
				35AA12131740575D00845FA6 /* HostParserModel.h */,
				35AA12141740575D00845FA6 /* HostParserModel.m */,
			);
			name = Parser;
			sourceTree = "<group>";
		};
		35FF355016401C9C00A3C6DB = {
			isa = PBXGroup;
			children = (
				35A5B66A1653F1360065D723 /* Resources */,
				35FF358616401EE200A3C6DB /* External */,
				35FF356516401C9C00A3C6DB /* Cuevana */,
				35FF355E16401C9C00A3C6DB /* Frameworks */,
				35FF355C16401C9C00A3C6DB /* Products */,
			);
			sourceTree = "<group>";
		};
		35FF355C16401C9C00A3C6DB /* Products */ = {
			isa = PBXGroup;
			children = (
				35FF355B16401C9C00A3C6DB /* Cuevana.app */,
			);
			name = Products;
			sourceTree = "<group>";
		};
		35FF355E16401C9C00A3C6DB /* Frameworks */ = {
			isa = PBXGroup;
			children = (
				35A633E6174533300023131F /* QuartzCore.framework */,
				35B803DD1642B2010042DA17 /* MediaPlayer.framework */,
				35FF355F16401C9C00A3C6DB /* UIKit.framework */,
				35FF356116401C9C00A3C6DB /* Foundation.framework */,
				35FF356316401C9C00A3C6DB /* CoreGraphics.framework */,
			);
			name = Frameworks;
			sourceTree = "<group>";
		};
		35FF356516401C9C00A3C6DB /* Cuevana */ = {
			isa = PBXGroup;
			children = (
				35FF356E16401C9C00A3C6DB /* AppDelegate.h */,
				35FF356F16401C9C00A3C6DB /* AppDelegate.m */,
				3573514317402B1300CF7E72 /* CuevanaConstants.h */,
				35A633DC1744650B0023131F /* UIWebView+JS.h */,
				35A633DD1744650B0023131F /* UIWebView+JS.m */,
				35A5B66F1653F1430065D723 /* ViewControllers */,
				35FF356616401C9C00A3C6DB /* Supporting Files */,
			);
			path = Cuevana;
			sourceTree = "<group>";
		};
		35FF356616401C9C00A3C6DB /* Supporting Files */ = {
			isa = PBXGroup;
			children = (
				35FF356716401C9C00A3C6DB /* Cuevana-Info.plist */,
				35FF356816401C9C00A3C6DB /* InfoPlist.strings */,
				35FF356B16401C9C00A3C6DB /* main.m */,
				35FF356D16401C9C00A3C6DB /* Cuevana-Prefix.pch */,
			);
			name = "Supporting Files";
			sourceTree = "<group>";
		};
		35FF358616401EE200A3C6DB /* External */ = {
			isa = PBXGroup;
			children = (
				350BF3D11746D87800EA4E24 /* AFNetworking */,
				35FF35A816401F0900A3C6DB /* SBJson */,
			);
			path = External;
			sourceTree = "<group>";
		};
		35FF35A816401F0900A3C6DB /* SBJson */ = {
			isa = PBXGroup;
			children = (
				35FF35A916401F0900A3C6DB /* NSObject+SBJson.h */,
				35FF35AA16401F0900A3C6DB /* NSObject+SBJson.m */,
				35FF35AB16401F0900A3C6DB /* SBJson.h */,
				35FF35AC16401F0900A3C6DB /* SBJsonParser.h */,
				35FF35AD16401F0900A3C6DB /* SBJsonParser.m */,
				35FF35AE16401F0900A3C6DB /* SBJsonStreamParser.h */,
				35FF35AF16401F0900A3C6DB /* SBJsonStreamParser.m */,
				35FF35B016401F0900A3C6DB /* SBJsonStreamParserAccumulator.h */,
				35FF35B116401F0900A3C6DB /* SBJsonStreamParserAccumulator.m */,
				35FF35B216401F0900A3C6DB /* SBJsonStreamParserAdapter.h */,
				35FF35B316401F0900A3C6DB /* SBJsonStreamParserAdapter.m */,
				35FF35B416401F0900A3C6DB /* SBJsonStreamParserState.h */,
				35FF35B516401F0900A3C6DB /* SBJsonStreamParserState.m */,
				35FF35B616401F0900A3C6DB /* SBJsonStreamWriter.h */,
				35FF35B716401F0900A3C6DB /* SBJsonStreamWriter.m */,
				35FF35B816401F0900A3C6DB /* SBJsonStreamWriterAccumulator.h */,
				35FF35B916401F0900A3C6DB /* SBJsonStreamWriterAccumulator.m */,
				35FF35BA16401F0900A3C6DB /* SBJsonStreamWriterState.h */,
				35FF35BB16401F0900A3C6DB /* SBJsonStreamWriterState.m */,
				35FF35BC16401F0900A3C6DB /* SBJsonTokeniser.h */,
				35FF35BD16401F0900A3C6DB /* SBJsonTokeniser.m */,
				35FF35BE16401F0900A3C6DB /* SBJsonUTF8Stream.h */,
				35FF35BF16401F0900A3C6DB /* SBJsonUTF8Stream.m */,
				35FF35C016401F0900A3C6DB /* SBJsonWriter.h */,
				35FF35C116401F0900A3C6DB /* SBJsonWriter.m */,
			);
			path = SBJson;
			sourceTree = "<group>";
		};
/* End PBXGroup section */

/* Begin PBXNativeTarget section */
		35FF355A16401C9C00A3C6DB /* Cuevana */ = {
			isa = PBXNativeTarget;
			buildConfigurationList = 35FF357F16401C9C00A3C6DB /* Build configuration list for PBXNativeTarget "Cuevana" */;
			buildPhases = (
				35FF355716401C9C00A3C6DB /* Sources */,
				35FF355816401C9C00A3C6DB /* Frameworks */,
				35FF355916401C9C00A3C6DB /* Resources */,
			);
			buildRules = (
			);
			dependencies = (
			);
			name = Cuevana;
			productName = Cuevana;
			productReference = 35FF355B16401C9C00A3C6DB /* Cuevana.app */;
			productType = "com.apple.product-type.application";
		};
/* End PBXNativeTarget section */

/* Begin PBXProject section */
		35FF355216401C9C00A3C6DB /* Project object */ = {
			isa = PBXProject;
			attributes = {
				LastUpgradeCheck = 0450;
				ORGANIZATIONNAME = "Camilo Vera Bezmalinovic";
			};
			buildConfigurationList = 35FF355516401C9C00A3C6DB /* Build configuration list for PBXProject "Cuevana" */;
			compatibilityVersion = "Xcode 3.2";
			developmentRegion = English;
			hasScannedForEncodings = 0;
			knownRegions = (
				en,
			);
			mainGroup = 35FF355016401C9C00A3C6DB;
			productRefGroup = 35FF355C16401C9C00A3C6DB /* Products */;
			projectDirPath = "";
			projectRoot = "";
			targets = (
				35FF355A16401C9C00A3C6DB /* Cuevana */,
			);
		};
/* End PBXProject section */

/* Begin PBXResourcesBuildPhase section */
		35FF355916401C9C00A3C6DB /* Resources */ = {
			isa = PBXResourcesBuildPhase;
			buildActionMask = 2147483647;
			files = (
				358881F91746756E00D858A2 /* uptobox.js in Resources */,
				35F60EC21745D5A600555779 /* billionUploads.js in Resources */,
				35F60EC31745D5A600555779 /* filebox.js in Resources */,
				35F60EC41745D5A600555779 /* movreel.js in Resources */,
				35FF356A16401C9C00A3C6DB /* InfoPlist.strings in Resources */,
				35FF357C16401C9C00A3C6DB /* SearchViewController.xib in Resources */,
				35A5B6721653F4DA0065D723 /* view-background.png in Resources */,
				35A5B6731653F4DA0065D723 /* view-background@2x.png in Resources */,
				35A5B6761653FBDF0065D723 /* cell-search-bg.png in Resources */,
				35A5B6771653FBDF0065D723 /* cell-search-bg@2x.png in Resources */,
				35F60EBF1745D56B00555779 /* SearchCell.xib in Resources */,
				35F60EC01745D56B00555779 /* SourcesViewController.xib in Resources */,
				35F60EC11745D56B00555779 /* EpisodesViewController.xib in Resources */,
			);
			runOnlyForDeploymentPostprocessing = 0;
		};
/* End PBXResourcesBuildPhase section */

/* Begin PBXSourcesBuildPhase section */
		35FF355716401C9C00A3C6DB /* Sources */ = {
			isa = PBXSourcesBuildPhase;
			buildActionMask = 2147483647;
			files = (
				35FF356C16401C9C00A3C6DB /* main.m in Sources */,
				35FF357016401C9C00A3C6DB /* AppDelegate.m in Sources */,
				35FF357916401C9C00A3C6DB /* SearchViewController.m in Sources */,
				35FF35C216401F0900A3C6DB /* NSObject+SBJson.m in Sources */,
				35FF35C316401F0900A3C6DB /* SBJsonParser.m in Sources */,
				35FF35C416401F0900A3C6DB /* SBJsonStreamParser.m in Sources */,
				35FF35C516401F0900A3C6DB /* SBJsonStreamParserAccumulator.m in Sources */,
				35FF35C616401F0900A3C6DB /* SBJsonStreamParserAdapter.m in Sources */,
				35FF35C716401F0900A3C6DB /* SBJsonStreamParserState.m in Sources */,
				35FF35C816401F0900A3C6DB /* SBJsonStreamWriter.m in Sources */,
				35FF35C916401F0900A3C6DB /* SBJsonStreamWriterAccumulator.m in Sources */,
				35FF35CA16401F0900A3C6DB /* SBJsonStreamWriterState.m in Sources */,
				35FF35CB16401F0900A3C6DB /* SBJsonTokeniser.m in Sources */,
				35FF35CC16401F0900A3C6DB /* SBJsonUTF8Stream.m in Sources */,
				35FF35CD16401F0900A3C6DB /* SBJsonWriter.m in Sources */,
				35FF35E0164027F600A3C6DB /* SearchResultObject.m in Sources */,
				359B8D3F1640D0F9009F8851 /* EpisodesViewController.m in Sources */,
				359B8D451640D15E009F8851 /* EpisodeResultObject.m in Sources */,
				35B803D0164230E30042DA17 /* SourcesViewController.m in Sources */,
				35B803D61642367F0042DA17 /* SourceResultObject.m in Sources */,
				35A5B67B165406670065D723 /* SearchCell.m in Sources */,
				35A37B17173EF01300CFF796 /* SearchModel.m in Sources */,
				357351421740295E00CF7E72 /* EpisodesModel.m in Sources */,
				3573514717403F3E00CF7E72 /* SourceModel.m in Sources */,
				35AA12151740575D00845FA6 /* HostParserModel.m in Sources */,
				35A633DE1744650B0023131F /* UIWebView+JS.m in Sources */,
				35A633E117452E800023131F /* PlayerViewController.m in Sources */,
				35A633E517452EAD0023131F /* CVSubtitleParser.m in Sources */,
				350BF3E51746D87800EA4E24 /* AFHTTPClient.m in Sources */,
				350BF3E61746D87800EA4E24 /* AFHTTPRequestOperation.m in Sources */,
				350BF3E71746D87800EA4E24 /* AFImageRequestOperation.m in Sources */,
				350BF3E81746D87800EA4E24 /* AFJSONRequestOperation.m in Sources */,
				350BF3E91746D87800EA4E24 /* AFNetworkActivityIndicatorManager.m in Sources */,
				350BF3EA1746D87800EA4E24 /* AFPropertyListRequestOperation.m in Sources */,
				350BF3EB1746D87800EA4E24 /* AFURLConnectionOperation.m in Sources */,
				350BF3EC1746D87800EA4E24 /* AFXMLRequestOperation.m in Sources */,
				350BF3ED1746D87800EA4E24 /* UIImageView+AFNetworking.m in Sources */,
			);
			runOnlyForDeploymentPostprocessing = 0;
		};
/* End PBXSourcesBuildPhase section */

/* Begin PBXVariantGroup section */
		35F60EB91745D56A00555779 /* SearchCell.xib */ = {
			isa = PBXVariantGroup;
			children = (
				35F60EBA1745D56A00555779 /* en */,
			);
			name = SearchCell.xib;
			sourceTree = "<group>";
		};
		35F60EBB1745D56A00555779 /* SourcesViewController.xib */ = {
			isa = PBXVariantGroup;
			children = (
				35F60EBC1745D56B00555779 /* en */,
			);
			name = SourcesViewController.xib;
			sourceTree = "<group>";
		};
		35F60EBD1745D56B00555779 /* EpisodesViewController.xib */ = {
			isa = PBXVariantGroup;
			children = (
				35F60EBE1745D56B00555779 /* en */,
			);
			name = EpisodesViewController.xib;
			sourceTree = "<group>";
		};
		35FF356816401C9C00A3C6DB /* InfoPlist.strings */ = {
			isa = PBXVariantGroup;
			children = (
				35FF356916401C9C00A3C6DB /* en */,
			);
			name = InfoPlist.strings;
			sourceTree = "<group>";
		};
		35FF357A16401C9C00A3C6DB /* SearchViewController.xib */ = {
			isa = PBXVariantGroup;
			children = (
				35FF357B16401C9C00A3C6DB /* en */,
			);
			name = SearchViewController.xib;
			sourceTree = "<group>";
		};
/* End PBXVariantGroup section */

/* Begin XCBuildConfiguration section */
		35FF357D16401C9C00A3C6DB /* Debug */ = {
			isa = XCBuildConfiguration;
			buildSettings = {
				ALWAYS_SEARCH_USER_PATHS = NO;
				CLANG_CXX_LANGUAGE_STANDARD = "gnu++0x";
				CLANG_CXX_LIBRARY = "libc++";
				CLANG_WARN_EMPTY_BODY = YES;
				CLANG_WARN__DUPLICATE_METHOD_MATCH = YES;
				"CODE_SIGN_IDENTITY[sdk=iphoneos*]" = "iPhone Developer";
				COPY_PHASE_STRIP = NO;
				GCC_C_LANGUAGE_STANDARD = gnu99;
				GCC_DYNAMIC_NO_PIC = NO;
				GCC_OPTIMIZATION_LEVEL = 0;
				GCC_PREPROCESSOR_DEFINITIONS = (
					"DEBUG=1",
					"$(inherited)",
				);
				GCC_SYMBOLS_PRIVATE_EXTERN = NO;
				GCC_WARN_ABOUT_RETURN_TYPE = YES;
				GCC_WARN_UNINITIALIZED_AUTOS = YES;
				GCC_WARN_UNUSED_VARIABLE = YES;
				IPHONEOS_DEPLOYMENT_TARGET = 4.3;
				ONLY_ACTIVE_ARCH = YES;
				SDKROOT = iphoneos;
			};
			name = Debug;
		};
		35FF357E16401C9C00A3C6DB /* Release */ = {
			isa = XCBuildConfiguration;
			buildSettings = {
				ALWAYS_SEARCH_USER_PATHS = NO;
				CLANG_CXX_LANGUAGE_STANDARD = "gnu++0x";
				CLANG_CXX_LIBRARY = "libc++";
				CLANG_WARN_EMPTY_BODY = YES;
				CLANG_WARN__DUPLICATE_METHOD_MATCH = YES;
				"CODE_SIGN_IDENTITY[sdk=iphoneos*]" = "iPhone Developer";
				COPY_PHASE_STRIP = YES;
				GCC_C_LANGUAGE_STANDARD = gnu99;
				GCC_WARN_ABOUT_RETURN_TYPE = YES;
				GCC_WARN_UNINITIALIZED_AUTOS = YES;
				GCC_WARN_UNUSED_VARIABLE = YES;
				IPHONEOS_DEPLOYMENT_TARGET = 4.3;
				OTHER_CFLAGS = "-DNS_BLOCK_ASSERTIONS=1";
				SDKROOT = iphoneos;
				VALIDATE_PRODUCT = YES;
			};
			name = Release;
		};
		35FF358016401C9C00A3C6DB /* Debug */ = {
			isa = XCBuildConfiguration;
			buildSettings = {
				CLANG_ENABLE_OBJC_ARC = YES;
				GCC_PRECOMPILE_PREFIX_HEADER = YES;
				GCC_PREFIX_HEADER = "Cuevana/Cuevana-Prefix.pch";
				INFOPLIST_FILE = "Cuevana/Cuevana-Info.plist";
				IPHONEOS_DEPLOYMENT_TARGET = 5.0;
				PRODUCT_NAME = "$(TARGET_NAME)";
				TARGETED_DEVICE_FAMILY = "1,2";
				WRAPPER_EXTENSION = app;
			};
			name = Debug;
		};
		35FF358116401C9C00A3C6DB /* Release */ = {
			isa = XCBuildConfiguration;
			buildSettings = {
				CLANG_ENABLE_OBJC_ARC = YES;
				GCC_PRECOMPILE_PREFIX_HEADER = YES;
				GCC_PREFIX_HEADER = "Cuevana/Cuevana-Prefix.pch";
				INFOPLIST_FILE = "Cuevana/Cuevana-Info.plist";
				IPHONEOS_DEPLOYMENT_TARGET = 5.0;
				PRODUCT_NAME = "$(TARGET_NAME)";
				TARGETED_DEVICE_FAMILY = "1,2";
				WRAPPER_EXTENSION = app;
			};
			name = Release;
		};
/* End XCBuildConfiguration section */

/* Begin XCConfigurationList section */
		35FF355516401C9C00A3C6DB /* Build configuration list for PBXProject "Cuevana" */ = {
			isa = XCConfigurationList;
			buildConfigurations = (
				35FF357D16401C9C00A3C6DB /* Debug */,
				35FF357E16401C9C00A3C6DB /* Release */,
			);
			defaultConfigurationIsVisible = 0;
			defaultConfigurationName = Release;
		};
		35FF357F16401C9C00A3C6DB /* Build configuration list for PBXNativeTarget "Cuevana" */ = {
			isa = XCConfigurationList;
			buildConfigurations = (
				35FF358016401C9C00A3C6DB /* Debug */,
				35FF358116401C9C00A3C6DB /* Release */,
			);
			defaultConfigurationIsVisible = 0;
			defaultConfigurationName = Release;
		};
/* End XCConfigurationList section */
	};
	rootObject = 35FF355216401C9C00A3C6DB /* Project object */;
}
